
Microsoft Visual Studio Solution File, Format Version 12.00
# Visual Studio Version 16
VisualStudioVersion = 16.0.34601.136
MinimumVisualStudioVersion = 10.0.40219.1
Project("{9A19103F-16F7-4668-BE54-9A1E7A4F7556}") = "c_part", "c_part\c_part.csproj", "{466AFAAC-05FC-4104-9D6D-5081E6B0A781}"
EndProject
Project("{FAE04EC0-301F-11D3-BF4B-00C04F79EFBC}") = "game_2048", "game_2048\game_2048.csproj", "{74B3C3B6-AA5F-47BD-BFF6-B43C51279DA0}"
EndProject
Global
	GlobalSection(SolutionConfigurationPlatforms) = preSolution
		Debug|Any CPU = Debug|Any CPU
		Release|Any CPU = Release|Any CPU
	EndGlobalSection
	GlobalSection(ProjectConfigurationPlatforms) = postSolution
		{466AFAAC-05FC-4104-9D6D-5081E6B0A781}.Debug|Any CPU.ActiveCfg = Debug|Any CPU
		{466AFAAC-05FC-4104-9D6D-5081E6B0A781}.Debug|Any CPU.Build.0 = Debug|Any CPU
		{466AFAAC-05FC-4104-9D6D-5081E6B0A781}.Release|Any CPU.ActiveCfg = Release|Any CPU
		{466AFAAC-05FC-4104-9D6D-5081E6B0A781}.Release|Any CPU.Build.0 = Release|Any CPU
		{74B3C3B6-AA5F-47BD-BFF6-B43C51279DA0}.Debug|Any CPU.ActiveCfg = Debug|Any CPU
		{74B3C3B6-AA5F-47BD-BFF6-B43C51279DA0}.Debug|Any CPU.Build.0 = Debug|Any CPU
		{74B3C3B6-AA5F-47BD-BFF6-B43C51279DA0}.Release|Any CPU.ActiveCfg = Release|Any CPU
		{74B3C3B6-AA5F-47BD-BFF6-B43C51279DA0}.Release|Any CPU.Build.0 = Release|Any CPU
	EndGlobalSection
	GlobalSection(SolutionProperties) = preSolution
		HideSolutionNode = FALSE
	EndGlobalSection
	GlobalSection(ExtensibilityGlobals) = postSolution
		SolutionGuid = {566133C0-04F2-4D7E-8F9C-43D64F62E936}
	EndGlobalSection
EndGlobal
